{
    "requires": true,
    "lockfileVersion": 1,
    "dependencies": {
        "argparse": {
            "version": "1.0.10",
            "resolved": "https://registry.npmjs.org/argparse/-/argparse-1.0.10.tgz",
            "integrity": "sha512-o5Roy6tNG4SL/FOkCAN6RzjiakZS25RLYFrcMttJqbdd8BWrnA+fGz57iN5Pb06pvBGvl5gQ0B48dJlslXvoTg==",
            "requires": {
                "sprintf-js": "~1.0.2"
            }
        },
        "better-sqlite3": {
            "version": "5.0.1",
            "resolved": "https://registry.npmjs.org/better-sqlite3/-/better-sqlite3-5.0.1.tgz",
            "integrity": "sha512-dyZk+gDYNPw14maYX5LG/2SCUTiB7jCvETd+bBYqhFyji3oG+UQFN452sUWSjCHCmfg1JtMbLT7WmqB8GLq8Gw==",
            "requires": {
                "integer": "^2.1.0",
                "tar": "^4.4.6"
            }
        },
        "chownr": {
            "version": "1.1.1",
            "resolved": "https://registry.npmjs.org/chownr/-/chownr-1.1.1.tgz",
            "integrity": "sha512-j38EvO5+LHX84jlo6h4UzmOwi0UgW61WRyPtJz4qaadK5eY3BTS5TY/S1Stc3Uk2lIM6TPevAlULiEJwie860g=="
        },
        "ent": {
            "version": "2.2.0",
            "resolved": "https://registry.npmjs.org/ent/-/ent-2.2.0.tgz",
            "integrity": "sha1-6WQhkyWiHQX0RGai9obtbOX13R0="
        },
        "esprima": {
            "version": "4.0.1",
            "resolved": "https://registry.npmjs.org/esprima/-/esprima-4.0.1.tgz",
            "integrity": "sha512-eGuFFw7Upda+g4p+QHvnW0RyTX/SVeJBDM/gCtMARO0cLuT2HcEKnTPvhjV6aGeqrCB/sbNop0Kszm0jsaWU4A=="
        },
        "front-matter": {
            "version": "2.3.0",
            "resolved": "https://registry.npmjs.org/front-matter/-/front-matter-2.3.0.tgz",
            "integrity": "sha1-cgOviWzjV+4E4qpFFp6pHtf2dQQ=",
            "requires": {
                "js-yaml": "^3.10.0"
            }
        },
        "fs-minipass": {
            "version": "1.2.5",
            "resolved": "https://registry.npmjs.org/fs-minipass/-/fs-minipass-1.2.5.tgz",
            "integrity": "sha512-JhBl0skXjUPCFH7x6x61gQxrKyXsxB5gcgePLZCwfyCGGsTISMoIeObbrvVeP6Xmyaudw4TT43qV2Gz+iyd2oQ==",
            "requires": {
                "minipass": "^2.2.1"
            }
        },
        "integer": {
            "version": "2.1.0",
            "resolved": "https://registry.npmjs.org/integer/-/integer-2.1.0.tgz",
            "integrity": "sha512-vBtiSgrEiNocWvvZX1RVfeOKa2mCHLZQ2p9nkQkQZ/BvEiY+6CcUz0eyjvIiewjJoeNidzg2I+tpPJvpyspL1w=="
        },
        "js-yaml": {
            "version": "3.12.0",
            "resolved": "https://registry.npmjs.org/js-yaml/-/js-yaml-3.12.0.tgz",
            "integrity": "sha512-PIt2cnwmPfL4hKNwqeiuz4bKfnzHTBv6HyVgjahA6mPLwPDzjDWrplJBMjHUFxku/N3FlmrbyPclad+I+4mJ3A==",
            "requires": {
                "argparse": "^1.0.7",
                "esprima": "^4.0.0"
            }
        },
        "marked": {
            "version": "0.5.1",
            "resolved": "https://registry.npmjs.org/marked/-/marked-0.5.1.tgz",
            "integrity": "sha512-iUkBZegCZou4AdwbKTwSW/lNDcz5OuRSl3qdcl31Ia0B2QPG0Jn+tKblh/9/eP9/6+4h27vpoh8wel/vQOV0vw=="
        },
        "minimist": {
            "version": "1.2.0",
            "resolved": "http://registry.npmjs.org/minimist/-/minimist-1.2.0.tgz",
            "integrity": "sha1-o1AIsg9BOD7sH7kU9M1d95omQoQ="
        },
        "minipass": {
            "version": "2.3.5",
            "resolved": "https://registry.npmjs.org/minipass/-/minipass-2.3.5.tgz",
            "integrity": "sha512-Gi1W4k059gyRbyVUZQ4mEqLm0YIUiGYfvxhF6SIlk3ui1WVxMTGfGdQ2SInh3PDrRTVvPKgULkpJtT4RH10+VA==",
            "requires": {
                "safe-buffer": "^5.1.2",
                "yallist": "^3.0.0"
            }
        },
        "minizlib": {
            "version": "1.1.1",
            "resolved": "https://registry.npmjs.org/minizlib/-/minizlib-1.1.1.tgz",
            "integrity": "sha512-TrfjCjk4jLhcJyGMYymBH6oTXcWjYbUAXTHDbtnWHjZC25h0cdajHuPE1zxb4DVmu8crfh+HwH/WMuyLG0nHBg==",
            "requires": {
                "minipass": "^2.2.1"
            }
        },
        "mkdirp": {
            "version": "0.5.1",
            "resolved": "http://registry.npmjs.org/mkdirp/-/mkdirp-0.5.1.tgz",
            "integrity": "sha1-MAV0OOrGz3+MR2fzhkjWaX11yQM=",
            "requires": {
                "minimist": "0.0.8"
            },
            "dependencies": {
                "minimist": {
                    "version": "0.0.8",
                    "resolved": "http://registry.npmjs.org/minimist/-/minimist-0.0.8.tgz",
                    "integrity": "sha1-hX/Kv8M5fSYluCKCYuhqp6ARsF0="
                }
            }
        },
        "parse5": {
            "version": "5.1.0",
            "resolved": "https://registry.npmjs.org/parse5/-/parse5-5.1.0.tgz",
            "integrity": "sha512-fxNG2sQjHvlVAYmzBZS9YlDp6PTSSDwa98vkD4QgVDDCAo84z5X1t5XyJQ62ImdLXx5NdIIfihey6xpum9/gRQ=="
        },
        "progress": {
            "version": "2.0.1",
            "resolved": "https://registry.npmjs.org/progress/-/progress-2.0.1.tgz",
            "integrity": "sha512-OE+a6vzqazc+K6LxJrX5UPyKFvGnL5CYmq2jFGNIBWHpc4QyE49/YOumcrpQFJpfejmvRtbJzgO1zPmMCqlbBg=="
        },
        "safe-buffer": {
            "version": "5.1.2",
            "resolved": "https://registry.npmjs.org/safe-buffer/-/safe-buffer-5.1.2.tgz",
            "integrity": "sha512-Gd2UZBJDkXlY7GbJxfsE8/nvKkUEU1G38c1siN6QP6a9PT9MmHB8GnpscSmMJSoF8LOIrt8ud/wPtojys4G6+g=="
        },
        "sprintf-js": {
            "version": "1.0.3",
            "resolved": "https://registry.npmjs.org/sprintf-js/-/sprintf-js-1.0.3.tgz",
            "integrity": "sha1-BOaSb2YolTVPPdAVIDYzuFcpfiw="
        },
        "tar": {
            "version": "4.4.6",
            "resolved": "https://registry.npmjs.org/tar/-/tar-4.4.6.tgz",
            "integrity": "sha512-tMkTnh9EdzxyfW+6GK6fCahagXsnYk6kE6S9Gr9pjVdys769+laCTbodXDhPAjzVtEBazRgP0gYqOjnk9dQzLg==",
            "requires": {
                "chownr": "^1.0.1",
                "fs-minipass": "^1.2.5",
                "minipass": "^2.3.3",
                "minizlib": "^1.1.0",
                "mkdirp": "^0.5.0",
                "safe-buffer": "^5.1.2",
                "yallist": "^3.0.2"
            }
        },
        "yallist": {
            "version": "3.0.2",
            "resolved": "https://registry.npmjs.org/yallist/-/yallist-3.0.2.tgz",
            "integrity": "sha1-hFK0u36Dx8GI2AQcGoN8dz1ti7k="
        }
    }
}
